
Microsoft Visual Studio Solution File, Format Version 12.00
# Visual Studio 15
VisualStudioVersion = 15.0.28307.779
MinimumVisualStudioVersion = 10.0.40219.1
Project("{FAE04EC0-301F-11D3-BF4B-00C04F79EFBC}") = "EF", "EF\EF.csproj", "{4FF15FFF-21C3-44F2-81F5-3BD4EB0C0549}"
EndProject
Project("{FAE04EC0-301F-11D3-BF4B-00C04F79EFBC}") = "EFWithCodeFirst", "..\EFWithCodeFirst\EFWithCodeFirst.csproj", "{B412DE48-8A16-44F1-900E-F6F8D451C93B}"
EndProject
Global
	GlobalSection(SolutionConfigurationPlatforms) = preSolution
		Debug|Any CPU = Debug|Any CPU
		Release|Any CPU = Release|Any CPU
	EndGlobalSection
	GlobalSection(ProjectConfigurationPlatforms) = postSolution
		{4FF15FFF-21C3-44F2-81F5-3BD4EB0C0549}.Debug|Any CPU.ActiveCfg = Debug|Any CPU
		{4FF15FFF-21C3-44F2-81F5-3BD4EB0C0549}.Debug|Any CPU.Build.0 = Debug|Any CPU
		{4FF15FFF-21C3-44F2-81F5-3BD4EB0C0549}.Release|Any CPU.ActiveCfg = Release|Any CPU
		{4FF15FFF-21C3-44F2-81F5-3BD4EB0C0549}.Release|Any CPU.Build.0 = Release|Any CPU
		{B412DE48-8A16-44F1-900E-F6F8D451C93B}.Debug|Any CPU.ActiveCfg = Debug|Any CPU
		{B412DE48-8A16-44F1-900E-F6F8D451C93B}.Debug|Any CPU.Build.0 = Debug|Any CPU
		{B412DE48-8A16-44F1-900E-F6F8D451C93B}.Release|Any CPU.ActiveCfg = Release|Any CPU
		{B412DE48-8A16-44F1-900E-F6F8D451C93B}.Release|Any CPU.Build.0 = Release|Any CPU
	EndGlobalSection
	GlobalSection(SolutionProperties) = preSolution
		HideSolutionNode = FALSE
	EndGlobalSection
	GlobalSection(ExtensibilityGlobals) = postSolution
		SolutionGuid = {A8D8ECFF-C132-47E1-9D52-13D386A8ED36}
	EndGlobalSection
EndGlobal
